// !$*UTF8*$!
{
	archiveVersion = 1;
	classes = {
	};
	objectVersion = 46;
	objects = {

/* Begin PBXBuildFile section */
		AC6BC66CE70B00F92728C250 /* libPods.a in Frameworks */ = {isa = PBXBuildFile; fileRef = 40DFDB93B3C0DF0E5AF852FE /* libPods.a */; };
		C907906A1C6C7A8200D3BF3D /* FBSQLManager.m in Sources */ = {isa = PBXBuildFile; fileRef = C90790691C6C7A8200D3BF3D /* FBSQLManager.m */; };
		C90B9D871C3C2EEC001EBD0D /* FBTweetImage.m in Sources */ = {isa = PBXBuildFile; fileRef = C90B9D861C3C2EEC001EBD0D /* FBTweetImage.m */; };
		C91AEF1A1C16C594002BFBBC /* FBTweetManager.m in Sources */ = {isa = PBXBuildFile; fileRef = C91AEF191C16C594002BFBBC /* FBTweetManager.m */; };
		C91AEF201C16C734002BFBBC /* FBTweet.m in Sources */ = {isa = PBXBuildFile; fileRef = C91AEF1F1C16C734002BFBBC /* FBTweet.m */; };
		C91BCE111C98A6B000FC94AA /* FBYapManager.m in Sources */ = {isa = PBXBuildFile; fileRef = C91BCE101C98A6B000FC94AA /* FBYapManager.m */; };
		C94C0E631C26E8C1009B5DD9 /* FBTweetCell.m in Sources */ = {isa = PBXBuildFile; fileRef = C94C0E621C26E8C1009B5DD9 /* FBTweetCell.m */; };
		C94C0E661C26FCF1009B5DD9 /* FBTweetLink.m in Sources */ = {isa = PBXBuildFile; fileRef = C94C0E651C26FCF1009B5DD9 /* FBTweetLink.m */; };
		C94C0E691C285D89009B5DD9 /* FBUser.m in Sources */ = {isa = PBXBuildFile; fileRef = C94C0E681C285D89009B5DD9 /* FBUser.m */; };
		C9766C211BDE9EF00055ECEA /* main.m in Sources */ = {isa = PBXBuildFile; fileRef = C9766C201BDE9EF00055ECEA /* main.m */; };
		C9766C241BDE9EF00055ECEA /* AppDelegate.m in Sources */ = {isa = PBXBuildFile; fileRef = C9766C231BDE9EF00055ECEA /* AppDelegate.m */; };
		C9766C2C1BDE9EF00055ECEA /* Assets.xcassets in Resources */ = {isa = PBXBuildFile; fileRef = C9766C2B1BDE9EF00055ECEA /* Assets.xcassets */; };
		C9766C2F1BDE9EF00055ECEA /* LaunchScreen.storyboard in Resources */ = {isa = PBXBuildFile; fileRef = C9766C2D1BDE9EF00055ECEA /* LaunchScreen.storyboard */; };
		C978BAB01BDEA2A200DA98A7 /* FBListViewController.m in Sources */ = {isa = PBXBuildFile; fileRef = C978BAAF1BDEA2A200DA98A7 /* FBListViewController.m */; };
		C978BAB31BDEA2B900DA98A7 /* FBDetailsViewController.m in Sources */ = {isa = PBXBuildFile; fileRef = C978BAB21BDEA2B900DA98A7 /* FBDetailsViewController.m */; };
		C97B038C1C5EB513005D6EC6 /* FBImageViewer.m in Sources */ = {isa = PBXBuildFile; fileRef = C97B038B1C5EB513005D6EC6 /* FBImageViewer.m */; };
		C9A3ED591C34587300B53948 /* FBImageManager.m in Sources */ = {isa = PBXBuildFile; fileRef = C9A3ED581C34587300B53948 /* FBImageManager.m */; };
		C9B47C801C882ACD00745C19 /* FBWebViewController.m in Sources */ = {isa = PBXBuildFile; fileRef = C9B47C7F1C882ACD00745C19 /* FBWebViewController.m */; };
		C9DFA73A1C6A5C4B006CD7BF /* FBScrollViewCentered.m in Sources */ = {isa = PBXBuildFile; fileRef = C9DFA7391C6A5C4B006CD7BF /* FBScrollViewCentered.m */; };
/* End PBXBuildFile section */

/* Begin PBXFileReference section */
		3046F5BF9E0D0352AB2748DB /* Pods.debug.xcconfig */ = {isa = PBXFileReference; includeInIndex = 1; lastKnownFileType = text.xcconfig; name = Pods.debug.xcconfig; path = "Pods/Target Support Files/Pods/Pods.debug.xcconfig"; sourceTree = "<group>"; };
		40DFDB93B3C0DF0E5AF852FE /* libPods.a */ = {isa = PBXFileReference; explicitFileType = archive.ar; includeInIndex = 0; path = libPods.a; sourceTree = BUILT_PRODUCTS_DIR; };
		C90790681C6C7A8200D3BF3D /* FBSQLManager.h */ = {isa = PBXFileReference; fileEncoding = 4; lastKnownFileType = sourcecode.c.h; path = FBSQLManager.h; sourceTree = "<group>"; };
		C90790691C6C7A8200D3BF3D /* FBSQLManager.m */ = {isa = PBXFileReference; fileEncoding = 4; lastKnownFileType = sourcecode.c.objc; path = FBSQLManager.m; sourceTree = "<group>"; };
		C90B9D851C3C2EEC001EBD0D /* FBTweetImage.h */ = {isa = PBXFileReference; fileEncoding = 4; lastKnownFileType = sourcecode.c.h; path = FBTweetImage.h; sourceTree = "<group>"; };
		C90B9D861C3C2EEC001EBD0D /* FBTweetImage.m */ = {isa = PBXFileReference; fileEncoding = 4; lastKnownFileType = sourcecode.c.objc; path = FBTweetImage.m; sourceTree = "<group>"; };
		C91AEF181C16C594002BFBBC /* FBTweetManager.h */ = {isa = PBXFileReference; fileEncoding = 4; lastKnownFileType = sourcecode.c.h; path = FBTweetManager.h; sourceTree = "<group>"; };
		C91AEF191C16C594002BFBBC /* FBTweetManager.m */ = {isa = PBXFileReference; fileEncoding = 4; lastKnownFileType = sourcecode.c.objc; path = FBTweetManager.m; sourceTree = "<group>"; };
		C91AEF1E1C16C734002BFBBC /* FBTweet.h */ = {isa = PBXFileReference; fileEncoding = 4; lastKnownFileType = sourcecode.c.h; path = FBTweet.h; sourceTree = "<group>"; };
		C91AEF1F1C16C734002BFBBC /* FBTweet.m */ = {isa = PBXFileReference; fileEncoding = 4; lastKnownFileType = sourcecode.c.objc; path = FBTweet.m; sourceTree = "<group>"; };
		C91BCE0F1C98A6B000FC94AA /* FBYapManager.h */ = {isa = PBXFileReference; fileEncoding = 4; lastKnownFileType = sourcecode.c.h; path = FBYapManager.h; sourceTree = "<group>"; };
		C91BCE101C98A6B000FC94AA /* FBYapManager.m */ = {isa = PBXFileReference; fileEncoding = 4; lastKnownFileType = sourcecode.c.objc; path = FBYapManager.m; sourceTree = "<group>"; };
		C94C0E611C26E8C1009B5DD9 /* FBTweetCell.h */ = {isa = PBXFileReference; fileEncoding = 4; lastKnownFileType = sourcecode.c.h; path = FBTweetCell.h; sourceTree = "<group>"; };
		C94C0E621C26E8C1009B5DD9 /* FBTweetCell.m */ = {isa = PBXFileReference; fileEncoding = 4; lastKnownFileType = sourcecode.c.objc; path = FBTweetCell.m; sourceTree = "<group>"; };
		C94C0E641C26FCF1009B5DD9 /* FBTweetLink.h */ = {isa = PBXFileReference; fileEncoding = 4; lastKnownFileType = sourcecode.c.h; path = FBTweetLink.h; sourceTree = "<group>"; };
		C94C0E651C26FCF1009B5DD9 /* FBTweetLink.m */ = {isa = PBXFileReference; fileEncoding = 4; lastKnownFileType = sourcecode.c.objc; path = FBTweetLink.m; sourceTree = "<group>"; };
		C94C0E671C285D89009B5DD9 /* FBUser.h */ = {isa = PBXFileReference; fileEncoding = 4; lastKnownFileType = sourcecode.c.h; path = FBUser.h; sourceTree = "<group>"; };
		C94C0E681C285D89009B5DD9 /* FBUser.m */ = {isa = PBXFileReference; fileEncoding = 4; lastKnownFileType = sourcecode.c.objc; path = FBUser.m; sourceTree = "<group>"; };
		C9766C1C1BDE9EF00055ECEA /* Twittos.app */ = {isa = PBXFileReference; explicitFileType = wrapper.application; includeInIndex = 0; path = Twittos.app; sourceTree = BUILT_PRODUCTS_DIR; };
		C9766C201BDE9EF00055ECEA /* main.m */ = {isa = PBXFileReference; lastKnownFileType = sourcecode.c.objc; path = main.m; sourceTree = "<group>"; };
		C9766C221BDE9EF00055ECEA /* AppDelegate.h */ = {isa = PBXFileReference; lastKnownFileType = sourcecode.c.h; path = AppDelegate.h; sourceTree = "<group>"; };
		C9766C231BDE9EF00055ECEA /* AppDelegate.m */ = {isa = PBXFileReference; lastKnownFileType = sourcecode.c.objc; path = AppDelegate.m; sourceTree = "<group>"; };
		C9766C2B1BDE9EF00055ECEA /* Assets.xcassets */ = {isa = PBXFileReference; lastKnownFileType = folder.assetcatalog; path = Assets.xcassets; sourceTree = "<group>"; };
		C9766C2E1BDE9EF00055ECEA /* Base */ = {isa = PBXFileReference; lastKnownFileType = file.storyboard; name = Base; path = Base.lproj/LaunchScreen.storyboard; sourceTree = "<group>"; };
		C9766C301BDE9EF00055ECEA /* Info.plist */ = {isa = PBXFileReference; lastKnownFileType = text.plist.xml; path = Info.plist; sourceTree = "<group>"; };
		C978BAAE1BDEA2A200DA98A7 /* FBListViewController.h */ = {isa = PBXFileReference; fileEncoding = 4; lastKnownFileType = sourcecode.c.h; path = FBListViewController.h; sourceTree = "<group>"; };
		C978BAAF1BDEA2A200DA98A7 /* FBListViewController.m */ = {isa = PBXFileReference; fileEncoding = 4; lastKnownFileType = sourcecode.c.objc; path = FBListViewController.m; sourceTree = "<group>"; };
		C978BAB11BDEA2B900DA98A7 /* FBDetailsViewController.h */ = {isa = PBXFileReference; fileEncoding = 4; lastKnownFileType = sourcecode.c.h; path = FBDetailsViewController.h; sourceTree = "<group>"; };
		C978BAB21BDEA2B900DA98A7 /* FBDetailsViewController.m */ = {isa = PBXFileReference; fileEncoding = 4; lastKnownFileType = sourcecode.c.objc; path = FBDetailsViewController.m; sourceTree = "<group>"; };
		C97B038A1C5EB513005D6EC6 /* FBImageViewer.h */ = {isa = PBXFileReference; fileEncoding = 4; lastKnownFileType = sourcecode.c.h; path = FBImageViewer.h; sourceTree = "<group>"; };
		C97B038B1C5EB513005D6EC6 /* FBImageViewer.m */ = {isa = PBXFileReference; fileEncoding = 4; lastKnownFileType = sourcecode.c.objc; path = FBImageViewer.m; sourceTree = "<group>"; };
		C9A3ED571C34587300B53948 /* FBImageManager.h */ = {isa = PBXFileReference; fileEncoding = 4; lastKnownFileType = sourcecode.c.h; path = FBImageManager.h; sourceTree = "<group>"; };
		C9A3ED581C34587300B53948 /* FBImageManager.m */ = {isa = PBXFileReference; fileEncoding = 4; lastKnownFileType = sourcecode.c.objc; path = FBImageManager.m; sourceTree = "<group>"; };
		C9B47C7E1C882ACD00745C19 /* FBWebViewController.h */ = {isa = PBXFileReference; fileEncoding = 4; lastKnownFileType = sourcecode.c.h; path = FBWebViewController.h; sourceTree = "<group>"; };
		C9B47C7F1C882ACD00745C19 /* FBWebViewController.m */ = {isa = PBXFileReference; fileEncoding = 4; lastKnownFileType = sourcecode.c.objc; path = FBWebViewController.m; sourceTree = "<group>"; };
		C9DFA7381C6A5C4B006CD7BF /* FBScrollViewCentered.h */ = {isa = PBXFileReference; fileEncoding = 4; lastKnownFileType = sourcecode.c.h; path = FBScrollViewCentered.h; sourceTree = "<group>"; };
		C9DFA7391C6A5C4B006CD7BF /* FBScrollViewCentered.m */ = {isa = PBXFileReference; fileEncoding = 4; lastKnownFileType = sourcecode.c.objc; path = FBScrollViewCentered.m; sourceTree = "<group>"; };
		F36AC4D711F61B5FF5909C76 /* Pods.release.xcconfig */ = {isa = PBXFileReference; includeInIndex = 1; lastKnownFileType = text.xcconfig; name = Pods.release.xcconfig; path = "Pods/Target Support Files/Pods/Pods.release.xcconfig"; sourceTree = "<group>"; };
/* End PBXFileReference section */

/* Begin PBXFrameworksBuildPhase section */
		C9766C191BDE9EF00055ECEA /* Frameworks */ = {
			isa = PBXFrameworksBuildPhase;
			buildActionMask = 2147483647;
			files = (
				AC6BC66CE70B00F92728C250 /* libPods.a in Frameworks */,
			);
			runOnlyForDeploymentPostprocessing = 0;
		};
/* End PBXFrameworksBuildPhase section */

/* Begin PBXGroup section */
		0210A5934102D915E7ED5658 /* Frameworks */ = {
			isa = PBXGroup;
			children = (
				40DFDB93B3C0DF0E5AF852FE /* libPods.a */,
			);
			name = Frameworks;
			sourceTree = "<group>";
		};
		3E1DEADCD09F01AF6FBD731D /* Pods */ = {
			isa = PBXGroup;
			children = (
				3046F5BF9E0D0352AB2748DB /* Pods.debug.xcconfig */,
				F36AC4D711F61B5FF5909C76 /* Pods.release.xcconfig */,
			);
			name = Pods;
			sourceTree = "<group>";
		};
		C91BCE121C9B54F500FC94AA /* Objects */ = {
			isa = PBXGroup;
			children = (
				C91AEF1E1C16C734002BFBBC /* FBTweet.h */,
				C91AEF1F1C16C734002BFBBC /* FBTweet.m */,
				C90B9D851C3C2EEC001EBD0D /* FBTweetImage.h */,
				C90B9D861C3C2EEC001EBD0D /* FBTweetImage.m */,
				C94C0E641C26FCF1009B5DD9 /* FBTweetLink.h */,
				C94C0E651C26FCF1009B5DD9 /* FBTweetLink.m */,
				C94C0E671C285D89009B5DD9 /* FBUser.h */,
				C94C0E681C285D89009B5DD9 /* FBUser.m */,
			);
			name = Objects;
			sourceTree = "<group>";
		};
		C9766C131BDE9EF00055ECEA = {
			isa = PBXGroup;
			children = (
				C9766C1E1BDE9EF00055ECEA /* Twittos */,
				C9766C1D1BDE9EF00055ECEA /* Products */,
				3E1DEADCD09F01AF6FBD731D /* Pods */,
				0210A5934102D915E7ED5658 /* Frameworks */,
			);
			sourceTree = "<group>";
		};
		C9766C1D1BDE9EF00055ECEA /* Products */ = {
			isa = PBXGroup;
			children = (
				C9766C1C1BDE9EF00055ECEA /* Twittos.app */,
			);
			name = Products;
			sourceTree = "<group>";
		};
		C9766C1E1BDE9EF00055ECEA /* Twittos */ = {
			isa = PBXGroup;
			children = (
				C9766C221BDE9EF00055ECEA /* AppDelegate.h */,
				C9766C231BDE9EF00055ECEA /* AppDelegate.m */,
				C978BAB41BDEA2C300DA98A7 /* GUI */,
				C9766C2B1BDE9EF00055ECEA /* Assets.xcassets */,
				C9766C2D1BDE9EF00055ECEA /* LaunchScreen.storyboard */,
				C9766C301BDE9EF00055ECEA /* Info.plist */,
				C9766C1F1BDE9EF00055ECEA /* Supporting Files */,
			);
			path = Twittos;
			sourceTree = "<group>";
		};
		C9766C1F1BDE9EF00055ECEA /* Supporting Files */ = {
			isa = PBXGroup;
			children = (
				C9766C201BDE9EF00055ECEA /* main.m */,
			);
			name = "Supporting Files";
			sourceTree = "<group>";
		};
		C978BAB41BDEA2C300DA98A7 /* GUI */ = {
			isa = PBXGroup;
			children = (
				C91BCE121C9B54F500FC94AA /* Objects */,
				C9B47C7E1C882ACD00745C19 /* FBWebViewController.h */,
				C9B47C7F1C882ACD00745C19 /* FBWebViewController.m */,
				C90790681C6C7A8200D3BF3D /* FBSQLManager.h */,
				C90790691C6C7A8200D3BF3D /* FBSQLManager.m */,
				C91BCE0F1C98A6B000FC94AA /* FBYapManager.h */,
				C91BCE101C98A6B000FC94AA /* FBYapManager.m */,
				C978BAAE1BDEA2A200DA98A7 /* FBListViewController.h */,
				C978BAAF1BDEA2A200DA98A7 /* FBListViewController.m */,
				C978BAB11BDEA2B900DA98A7 /* FBDetailsViewController.h */,
				C978BAB21BDEA2B900DA98A7 /* FBDetailsViewController.m */,
				C91AEF181C16C594002BFBBC /* FBTweetManager.h */,
				C91AEF191C16C594002BFBBC /* FBTweetManager.m */,
				C94C0E611C26E8C1009B5DD9 /* FBTweetCell.h */,
				C94C0E621C26E8C1009B5DD9 /* FBTweetCell.m */,
				C9A3ED571C34587300B53948 /* FBImageManager.h */,
				C9A3ED581C34587300B53948 /* FBImageManager.m */,
				C97B038A1C5EB513005D6EC6 /* FBImageViewer.h */,
				C97B038B1C5EB513005D6EC6 /* FBImageViewer.m */,
				C9DFA7381C6A5C4B006CD7BF /* FBScrollViewCentered.h */,
				C9DFA7391C6A5C4B006CD7BF /* FBScrollViewCentered.m */,
			);
			name = GUI;
			sourceTree = "<group>";
		};
/* End PBXGroup section */

/* Begin PBXNativeTarget section */
		C9766C1B1BDE9EF00055ECEA /* Twittos */ = {
			isa = PBXNativeTarget;
			buildConfigurationList = C9766C331BDE9EF00055ECEA /* Build configuration list for PBXNativeTarget "Twittos" */;
			buildPhases = (
				C0DA1B71042009BCAAACB04D /* Check Pods Manifest.lock */,
				C9766C181BDE9EF00055ECEA /* Sources */,
				C9766C191BDE9EF00055ECEA /* Frameworks */,
				C9766C1A1BDE9EF00055ECEA /* Resources */,
				6642FF88125A3043F671510E /* Embed Pods Frameworks */,
				DDEFEE854042FD93538DB4E0 /* Copy Pods Resources */,
			);
			buildRules = (
			);
			dependencies = (
			);
			name = Twittos;
			productName = Twittos;
			productReference = C9766C1C1BDE9EF00055ECEA /* Twittos.app */;
			productType = "com.apple.product-type.application";
		};
/* End PBXNativeTarget section */

/* Begin PBXProject section */
		C9766C141BDE9EF00055ECEA /* Project object */ = {
			isa = PBXProject;
			attributes = {
				CLASSPREFIX = FB;
				LastUpgradeCheck = 0700;
				ORGANIZATIONNAME = "François Blanc";
				TargetAttributes = {
					C9766C1B1BDE9EF00055ECEA = {
						CreatedOnToolsVersion = 7.0.1;
					};
				};
			};
			buildConfigurationList = C9766C171BDE9EF00055ECEA /* Build configuration list for PBXProject "Twittos" */;
			compatibilityVersion = "Xcode 3.2";
			developmentRegion = English;
			hasScannedForEncodings = 0;
			knownRegions = (
				en,
				Base,
			);
			mainGroup = C9766C131BDE9EF00055ECEA;
			productRefGroup = C9766C1D1BDE9EF00055ECEA /* Products */;
			projectDirPath = "";
			projectRoot = "";
			targets = (
				C9766C1B1BDE9EF00055ECEA /* Twittos */,
			);
		};
/* End PBXProject section */

/* Begin PBXResourcesBuildPhase section */
		C9766C1A1BDE9EF00055ECEA /* Resources */ = {
			isa = PBXResourcesBuildPhase;
			buildActionMask = 2147483647;
			files = (
				C9766C2F1BDE9EF00055ECEA /* LaunchScreen.storyboard in Resources */,
				C9766C2C1BDE9EF00055ECEA /* Assets.xcassets in Resources */,
			);
			runOnlyForDeploymentPostprocessing = 0;
		};
/* End PBXResourcesBuildPhase section */

/* Begin PBXShellScriptBuildPhase section */
		6642FF88125A3043F671510E /* Embed Pods Frameworks */ = {
			isa = PBXShellScriptBuildPhase;
			buildActionMask = 2147483647;
			files = (
			);
			inputPaths = (
			);
			name = "Embed Pods Frameworks";
			outputPaths = (
			);
			runOnlyForDeploymentPostprocessing = 0;
			shellPath = /bin/sh;
			shellScript = "\"${SRCROOT}/Pods/Target Support Files/Pods/Pods-frameworks.sh\"\n";
			showEnvVarsInLog = 0;
		};
		C0DA1B71042009BCAAACB04D /* Check Pods Manifest.lock */ = {
			isa = PBXShellScriptBuildPhase;
			buildActionMask = 2147483647;
			files = (
			);
			inputPaths = (
			);
			name = "Check Pods Manifest.lock";
			outputPaths = (
			);
			runOnlyForDeploymentPostprocessing = 0;
			shellPath = /bin/sh;
			shellScript = "diff \"${PODS_ROOT}/../Podfile.lock\" \"${PODS_ROOT}/Manifest.lock\" > /dev/null\nif [[ $? != 0 ]] ; then\n    cat << EOM\nerror: The sandbox is not in sync with the Podfile.lock. Run 'pod install' or update your CocoaPods installation.\nEOM\n    exit 1\nfi\n";
			showEnvVarsInLog = 0;
		};
		DDEFEE854042FD93538DB4E0 /* Copy Pods Resources */ = {
			isa = PBXShellScriptBuildPhase;
			buildActionMask = 2147483647;
			files = (
			);
			inputPaths = (
			);
			name = "Copy Pods Resources";
			outputPaths = (
			);
			runOnlyForDeploymentPostprocessing = 0;
			shellPath = /bin/sh;
			shellScript = "\"${SRCROOT}/Pods/Target Support Files/Pods/Pods-resources.sh\"\n";
			showEnvVarsInLog = 0;
		};
/* End PBXShellScriptBuildPhase section */

/* Begin PBXSourcesBuildPhase section */
		C9766C181BDE9EF00055ECEA /* Sources */ = {
			isa = PBXSourcesBuildPhase;
			buildActionMask = 2147483647;
			files = (
				C9B47C801C882ACD00745C19 /* FBWebViewController.m in Sources */,
				C9766C241BDE9EF00055ECEA /* AppDelegate.m in Sources */,
				C94C0E631C26E8C1009B5DD9 /* FBTweetCell.m in Sources */,
				C907906A1C6C7A8200D3BF3D /* FBSQLManager.m in Sources */,
				C978BAB31BDEA2B900DA98A7 /* FBDetailsViewController.m in Sources */,
				C9766C211BDE9EF00055ECEA /* main.m in Sources */,
				C91BCE111C98A6B000FC94AA /* FBYapManager.m in Sources */,
				C94C0E691C285D89009B5DD9 /* FBUser.m in Sources */,
				C90B9D871C3C2EEC001EBD0D /* FBTweetImage.m in Sources */,
				C9DFA73A1C6A5C4B006CD7BF /* FBScrollViewCentered.m in Sources */,
				C91AEF201C16C734002BFBBC /* FBTweet.m in Sources */,
				C978BAB01BDEA2A200DA98A7 /* FBListViewController.m in Sources */,
				C94C0E661C26FCF1009B5DD9 /* FBTweetLink.m in Sources */,
				C9A3ED591C34587300B53948 /* FBImageManager.m in Sources */,
				C97B038C1C5EB513005D6EC6 /* FBImageViewer.m in Sources */,
				C91AEF1A1C16C594002BFBBC /* FBTweetManager.m in Sources */,
			);
			runOnlyForDeploymentPostprocessing = 0;
		};
/* End PBXSourcesBuildPhase section */

/* Begin PBXVariantGroup section */
		C9766C2D1BDE9EF00055ECEA /* LaunchScreen.storyboard */ = {
			isa = PBXVariantGroup;
			children = (
				C9766C2E1BDE9EF00055ECEA /* Base */,
			);
			name = LaunchScreen.storyboard;
			sourceTree = "<group>";
		};
/* End PBXVariantGroup section */

/* Begin XCBuildConfiguration section */
		C9766C311BDE9EF00055ECEA /* Debug */ = {
			isa = XCBuildConfiguration;
			buildSettings = {
				ALWAYS_SEARCH_USER_PATHS = NO;
				CLANG_CXX_LANGUAGE_STANDARD = "gnu++0x";
				CLANG_CXX_LIBRARY = "libc++";
				CLANG_ENABLE_MODULES = YES;
				CLANG_ENABLE_OBJC_ARC = YES;
				CLANG_WARN_BOOL_CONVERSION = YES;
				CLANG_WARN_CONSTANT_CONVERSION = YES;
				CLANG_WARN_DIRECT_OBJC_ISA_USAGE = YES_ERROR;
				CLANG_WARN_EMPTY_BODY = YES;
				CLANG_WARN_ENUM_CONVERSION = YES;
				CLANG_WARN_INT_CONVERSION = YES;
				CLANG_WARN_OBJC_ROOT_CLASS = YES_ERROR;
				CLANG_WARN_UNREACHABLE_CODE = YES;
				CLANG_WARN__DUPLICATE_METHOD_MATCH = YES;
				"CODE_SIGN_IDENTITY[sdk=iphoneos*]" = "iPhone Developer";
				COPY_PHASE_STRIP = NO;
				DEBUG_INFORMATION_FORMAT = dwarf;
				ENABLE_STRICT_OBJC_MSGSEND = YES;
				ENABLE_TESTABILITY = YES;
				GCC_C_LANGUAGE_STANDARD = gnu99;
				GCC_DYNAMIC_NO_PIC = NO;
				GCC_NO_COMMON_BLOCKS = YES;
				GCC_OPTIMIZATION_LEVEL = 0;
				GCC_PREPROCESSOR_DEFINITIONS = (
					"DEBUG=1",
					"$(inherited)",
				);
				GCC_WARN_64_TO_32_BIT_CONVERSION = YES;
				GCC_WARN_ABOUT_RETURN_TYPE = YES_ERROR;
				GCC_WARN_UNDECLARED_SELECTOR = YES;
				GCC_WARN_UNINITIALIZED_AUTOS = YES_AGGRESSIVE;
				GCC_WARN_UNUSED_FUNCTION = YES;
				GCC_WARN_UNUSED_VARIABLE = YES;
				IPHONEOS_DEPLOYMENT_TARGET = 9.0;
				MTL_ENABLE_DEBUG_INFO = YES;
				ONLY_ACTIVE_ARCH = YES;
				SDKROOT = iphoneos;
			};
			name = Debug;
		};
		C9766C321BDE9EF00055ECEA /* Release */ = {
			isa = XCBuildConfiguration;
			buildSettings = {
				ALWAYS_SEARCH_USER_PATHS = NO;
				CLANG_CXX_LANGUAGE_STANDARD = "gnu++0x";
				CLANG_CXX_LIBRARY = "libc++";
				CLANG_ENABLE_MODULES = YES;
				CLANG_ENABLE_OBJC_ARC = YES;
				CLANG_WARN_BOOL_CONVERSION = YES;
				CLANG_WARN_CONSTANT_CONVERSION = YES;
				CLANG_WARN_DIRECT_OBJC_ISA_USAGE = YES_ERROR;
				CLANG_WARN_EMPTY_BODY = YES;
				CLANG_WARN_ENUM_CONVERSION = YES;
				CLANG_WARN_INT_CONVERSION = YES;
				CLANG_WARN_OBJC_ROOT_CLASS = YES_ERROR;
				CLANG_WARN_UNREACHABLE_CODE = YES;
				CLANG_WARN__DUPLICATE_METHOD_MATCH = YES;
				"CODE_SIGN_IDENTITY[sdk=iphoneos*]" = "iPhone Developer";
				COPY_PHASE_STRIP = NO;
				DEBUG_INFORMATION_FORMAT = "dwarf-with-dsym";
				ENABLE_NS_ASSERTIONS = NO;
				ENABLE_STRICT_OBJC_MSGSEND = YES;
				GCC_C_LANGUAGE_STANDARD = gnu99;
				GCC_NO_COMMON_BLOCKS = YES;
				GCC_WARN_64_TO_32_BIT_CONVERSION = YES;
				GCC_WARN_ABOUT_RETURN_TYPE = YES_ERROR;
				GCC_WARN_UNDECLARED_SELECTOR = YES;
				GCC_WARN_UNINITIALIZED_AUTOS = YES_AGGRESSIVE;
				GCC_WARN_UNUSED_FUNCTION = YES;
				GCC_WARN_UNUSED_VARIABLE = YES;
				IPHONEOS_DEPLOYMENT_TARGET = 9.0;
				MTL_ENABLE_DEBUG_INFO = NO;
				SDKROOT = iphoneos;
				VALIDATE_PRODUCT = YES;
			};
			name = Release;
		};
		C9766C341BDE9EF00055ECEA /* Debug */ = {
			isa = XCBuildConfiguration;
			baseConfigurationReference = 3046F5BF9E0D0352AB2748DB /* Pods.debug.xcconfig */;
			buildSettings = {
				ASSETCATALOG_COMPILER_APPICON_NAME = AppIcon;
				INFOPLIST_FILE = Twittos/Info.plist;
				LD_RUNPATH_SEARCH_PATHS = "$(inherited) @executable_path/Frameworks";
				PRODUCT_BUNDLE_IDENTIFIER = com.fblanc.Twittos;
				PRODUCT_NAME = "$(TARGET_NAME)";
			};
			name = Debug;
		};
		C9766C351BDE9EF00055ECEA /* Release */ = {
			isa = XCBuildConfiguration;
			baseConfigurationReference = F36AC4D711F61B5FF5909C76 /* Pods.release.xcconfig */;
			buildSettings = {
				ASSETCATALOG_COMPILER_APPICON_NAME = AppIcon;
				INFOPLIST_FILE = Twittos/Info.plist;
				LD_RUNPATH_SEARCH_PATHS = "$(inherited) @executable_path/Frameworks";
				PRODUCT_BUNDLE_IDENTIFIER = com.fblanc.Twittos;
				PRODUCT_NAME = "$(TARGET_NAME)";
			};
			name = Release;
		};
/* End XCBuildConfiguration section */

/* Begin XCConfigurationList section */
		C9766C171BDE9EF00055ECEA /* Build configuration list for PBXProject "Twittos" */ = {
			isa = XCConfigurationList;
			buildConfigurations = (
				C9766C311BDE9EF00055ECEA /* Debug */,
				C9766C321BDE9EF00055ECEA /* Release */,
			);
			defaultConfigurationIsVisible = 0;
			defaultConfigurationName = Release;
		};
		C9766C331BDE9EF00055ECEA /* Build configuration list for PBXNativeTarget "Twittos" */ = {
			isa = XCConfigurationList;
			buildConfigurations = (
				C9766C341BDE9EF00055ECEA /* Debug */,
				C9766C351BDE9EF00055ECEA /* Release */,
			);
			defaultConfigurationIsVisible = 0;
			defaultConfigurationName = Release;
		};
/* End XCConfigurationList section */
	};
	rootObject = C9766C141BDE9EF00055ECEA /* Project object */;
}
